// !$*UTF8*$!
{
	archiveVersion = 1;
	classes = {
	};
	objectVersion = 56;
	objects = {

/* Begin PBXBuildFile section */
		7A0A2C6C2A9B213500F49749 /* MenuItemsApp.swift in Sources */ = {isa = PBXBuildFile; fileRef = 7A0A2C6B2A9B213500F49749 /* MenuItemsApp.swift */; };
		7A0A2C6E2A9B213500F49749 /* ContentView.swift in Sources */ = {isa = PBXBuildFile; fileRef = 7A0A2C6D2A9B213500F49749 /* ContentView.swift */; };
		7A0A2C702A9B213800F49749 /* Assets.xcassets in Resources */ = {isa = PBXBuildFile; fileRef = 7A0A2C6F2A9B213800F49749 /* Assets.xcassets */; };
		7A0A2C732A9B213800F49749 /* Preview Assets.xcassets in Resources */ = {isa = PBXBuildFile; fileRef = 7A0A2C722A9B213800F49749 /* Preview Assets.xcassets */; };
		7A0A2C7D2A9B213800F49749 /* MenuItemsTests.swift in Sources */ = {isa = PBXBuildFile; fileRef = 7A0A2C7C2A9B213800F49749 /* MenuItemsTests.swift */; };
		7A0A2C872A9B213800F49749 /* MenuItemsUITests.swift in Sources */ = {isa = PBXBuildFile; fileRef = 7A0A2C862A9B213800F49749 /* MenuItemsUITests.swift */; };
		7A0A2C892A9B213800F49749 /* MenuItemsUITestsLaunchTests.swift in Sources */ = {isa = PBXBuildFile; fileRef = 7A0A2C882A9B213800F49749 /* MenuItemsUITestsLaunchTests.swift */; };
/* End PBXBuildFile section */

/* Begin PBXContainerItemProxy section */
		7A0A2C792A9B213800F49749 /* PBXContainerItemProxy */ = {
			isa = PBXContainerItemProxy;
			containerPortal = 7A0A2C602A9B213500F49749 /* Project object */;
			proxyType = 1;
			remoteGlobalIDString = 7A0A2C672A9B213500F49749;
			remoteInfo = MenuItems;
		};
		7A0A2C832A9B213800F49749 /* PBXContainerItemProxy */ = {
			isa = PBXContainerItemProxy;
			containerPortal = 7A0A2C602A9B213500F49749 /* Project object */;
			proxyType = 1;
			remoteGlobalIDString = 7A0A2C672A9B213500F49749;
			remoteInfo = MenuItems;
		};
/* End PBXContainerItemProxy section */

/* Begin PBXFileReference section */
		7A0A2C682A9B213500F49749 /* MenuItems.app */ = {isa = PBXFileReference; explicitFileType = wrapper.application; includeInIndex = 0; path = MenuItems.app; sourceTree = BUILT_PRODUCTS_DIR; };
		7A0A2C6B2A9B213500F49749 /* MenuItemsApp.swift */ = {isa = PBXFileReference; lastKnownFileType = sourcecode.swift; path = MenuItemsApp.swift; sourceTree = "<group>"; };
		7A0A2C6D2A9B213500F49749 /* ContentView.swift */ = {isa = PBXFileReference; lastKnownFileType = sourcecode.swift; path = ContentView.swift; sourceTree = "<group>"; };
		7A0A2C6F2A9B213800F49749 /* Assets.xcassets */ = {isa = PBXFileReference; lastKnownFileType = folder.assetcatalog; path = Assets.xcassets; sourceTree = "<group>"; };
		7A0A2C722A9B213800F49749 /* Preview Assets.xcassets */ = {isa = PBXFileReference; lastKnownFileType = folder.assetcatalog; path = "Preview Assets.xcassets"; sourceTree = "<group>"; };
		7A0A2C782A9B213800F49749 /* MenuItemsTests.xctest */ = {isa = PBXFileReference; explicitFileType = wrapper.cfbundle; includeInIndex = 0; path = MenuItemsTests.xctest; sourceTree = BUILT_PRODUCTS_DIR; };
		7A0A2C7C2A9B213800F49749 /* MenuItemsTests.swift */ = {isa = PBXFileReference; lastKnownFileType = sourcecode.swift; path = MenuItemsTests.swift; sourceTree = "<group>"; };
		7A0A2C822A9B213800F49749 /* MenuItemsUITests.xctest */ = {isa = PBXFileReference; explicitFileType = wrapper.cfbundle; includeInIndex = 0; path = MenuItemsUITests.xctest; sourceTree = BUILT_PRODUCTS_DIR; };
		7A0A2C862A9B213800F49749 /* MenuItemsUITests.swift */ = {isa = PBXFileReference; lastKnownFileType = sourcecode.swift; path = MenuItemsUITests.swift; sourceTree = "<group>"; };
		7A0A2C882A9B213800F49749 /* MenuItemsUITestsLaunchTests.swift */ = {isa = PBXFileReference; lastKnownFileType = sourcecode.swift; path = MenuItemsUITestsLaunchTests.swift; sourceTree = "<group>"; };
/* End PBXFileReference section */

/* Begin PBXFrameworksBuildPhase section */
		7A0A2C652A9B213500F49749 /* Frameworks */ = {
			isa = PBXFrameworksBuildPhase;
			buildActionMask = 2147483647;
			files = (
			);
			runOnlyForDeploymentPostprocessing = 0;
		};
		7A0A2C752A9B213800F49749 /* Frameworks */ = {
			isa = PBXFrameworksBuildPhase;
			buildActionMask = 2147483647;
			files = (
			);
			runOnlyForDeploymentPostprocessing = 0;
		};
		7A0A2C7F2A9B213800F49749 /* Frameworks */ = {
			isa = PBXFrameworksBuildPhase;
			buildActionMask = 2147483647;
			files = (
			);
			runOnlyForDeploymentPostprocessing = 0;
		};
/* End PBXFrameworksBuildPhase section */

/* Begin PBXGroup section */
		7A0A2C5F2A9B213500F49749 = {
			isa = PBXGroup;
			children = (
				7A0A2C6A2A9B213500F49749 /* MenuItems */,
				7A0A2C7B2A9B213800F49749 /* MenuItemsTests */,
				7A0A2C852A9B213800F49749 /* MenuItemsUITests */,
				7A0A2C692A9B213500F49749 /* Products */,
			);
			sourceTree = "<group>";
		};
		7A0A2C692A9B213500F49749 /* Products */ = {
			isa = PBXGroup;
			children = (
				7A0A2C682A9B213500F49749 /* MenuItems.app */,
				7A0A2C782A9B213800F49749 /* MenuItemsTests.xctest */,
				7A0A2C822A9B213800F49749 /* MenuItemsUITests.xctest */,
			);
			name = Products;
			sourceTree = "<group>";
		};
		7A0A2C6A2A9B213500F49749 /* MenuItems */ = {
			isa = PBXGroup;
			children = (
				7A0A2C6B2A9B213500F49749 /* MenuItemsApp.swift */,
				7A0A2C6D2A9B213500F49749 /* ContentView.swift */,
				7A0A2C6F2A9B213800F49749 /* Assets.xcassets */,
				7A0A2C712A9B213800F49749 /* Preview Content */,
			);
			path = MenuItems;
			sourceTree = "<group>";
		};
		7A0A2C712A9B213800F49749 /* Preview Content */ = {
			isa = PBXGroup;
			children = (
				7A0A2C722A9B213800F49749 /* Preview Assets.xcassets */,
			);
			path = "Preview Content";
			sourceTree = "<group>";
		};
		7A0A2C7B2A9B213800F49749 /* MenuItemsTests */ = {
			isa = PBXGroup;
			children = (
				7A0A2C7C2A9B213800F49749 /* MenuItemsTests.swift */,
			);
			path = MenuItemsTests;
			sourceTree = "<group>";
		};
		7A0A2C852A9B213800F49749 /* MenuItemsUITests */ = {
			isa = PBXGroup;
			children = (
				7A0A2C862A9B213800F49749 /* MenuItemsUITests.swift */,
				7A0A2C882A9B213800F49749 /* MenuItemsUITestsLaunchTests.swift */,
			);
			path = MenuItemsUITests;
			sourceTree = "<group>";
		};
/* End PBXGroup section */

/* Begin PBXNativeTarget section */
		7A0A2C672A9B213500F49749 /* MenuItems */ = {
			isa = PBXNativeTarget;
			buildConfigurationList = 7A0A2C8C2A9B213800F49749 /* Build configuration list for PBXNativeTarget "MenuItems" */;
			buildPhases = (
				7A0A2C642A9B213500F49749 /* Sources */,
				7A0A2C652A9B213500F49749 /* Frameworks */,
				7A0A2C662A9B213500F49749 /* Resources */,
			);
			buildRules = (
			);
			dependencies = (
			);
			name = MenuItems;
			productName = MenuItems;
			productReference = 7A0A2C682A9B213500F49749 /* MenuItems.app */;
			productType = "com.apple.product-type.application";
		};
		7A0A2C772A9B213800F49749 /* MenuItemsTests */ = {
			isa = PBXNativeTarget;
			buildConfigurationList = 7A0A2C8F2A9B213800F49749 /* Build configuration list for PBXNativeTarget "MenuItemsTests" */;
			buildPhases = (
				7A0A2C742A9B213800F49749 /* Sources */,
				7A0A2C752A9B213800F49749 /* Frameworks */,
				7A0A2C762A9B213800F49749 /* Resources */,
			);
			buildRules = (
			);
			dependencies = (
				7A0A2C7A2A9B213800F49749 /* PBXTargetDependency */,
			);
			name = MenuItemsTests;
			productName = MenuItemsTests;
			productReference = 7A0A2C782A9B213800F49749 /* MenuItemsTests.xctest */;
			productType = "com.apple.product-type.bundle.unit-test";
		};
		7A0A2C812A9B213800F49749 /* MenuItemsUITests */ = {
			isa = PBXNativeTarget;
			buildConfigurationList = 7A0A2C922A9B213800F49749 /* Build configuration list for PBXNativeTarget "MenuItemsUITests" */;
			buildPhases = (
				7A0A2C7E2A9B213800F49749 /* Sources */,
				7A0A2C7F2A9B213800F49749 /* Frameworks */,
				7A0A2C802A9B213800F49749 /* Resources */,
			);
			buildRules = (
			);
			dependencies = (
				7A0A2C842A9B213800F49749 /* PBXTargetDependency */,
			);
			name = MenuItemsUITests;
			productName = MenuItemsUITests;
			productReference = 7A0A2C822A9B213800F49749 /* MenuItemsUITests.xctest */;
			productType = "com.apple.product-type.bundle.ui-testing";
		};
/* End PBXNativeTarget section */

/* Begin PBXProject section */
		7A0A2C602A9B213500F49749 /* Project object */ = {
			isa = PBXProject;
			attributes = {
				BuildIndependentTargetsInParallel = 1;
				LastSwiftUpdateCheck = 1430;
				LastUpgradeCheck = 1430;
				TargetAttributes = {
					7A0A2C672A9B213500F49749 = {
						CreatedOnToolsVersion = 14.3.1;
					};
					7A0A2C772A9B213800F49749 = {
						CreatedOnToolsVersion = 14.3.1;
						TestTargetID = 7A0A2C672A9B213500F49749;
					};
					7A0A2C812A9B213800F49749 = {
						CreatedOnToolsVersion = 14.3.1;
						TestTargetID = 7A0A2C672A9B213500F49749;
					};
				};
			};
			buildConfigurationList = 7A0A2C632A9B213500F49749 /* Build configuration list for PBXProject "MenuItems" */;
			compatibilityVersion = "Xcode 14.0";
			developmentRegion = en;
			hasScannedForEncodings = 0;
			knownRegions = (
				en,
				Base,
			);
			mainGroup = 7A0A2C5F2A9B213500F49749;
			productRefGroup = 7A0A2C692A9B213500F49749 /* Products */;
			projectDirPath = "";
			projectRoot = "";
			targets = (
				7A0A2C672A9B213500F49749 /* MenuItems */,
				7A0A2C772A9B213800F49749 /* MenuItemsTests */,
				7A0A2C812A9B213800F49749 /* MenuItemsUITests */,
			);
		};
/* End PBXProject section */

/* Begin PBXResourcesBuildPhase section */
		7A0A2C662A9B213500F49749 /* Resources */ = {
			isa = PBXResourcesBuildPhase;
			buildActionMask = 2147483647;
			files = (
				7A0A2C732A9B213800F49749 /* Preview Assets.xcassets in Resources */,
				7A0A2C702A9B213800F49749 /* Assets.xcassets in Resources */,
			);
			runOnlyForDeploymentPostprocessing = 0;
		};
		7A0A2C762A9B213800F49749 /* Resources */ = {
			isa = PBXResourcesBuildPhase;
			buildActionMask = 2147483647;
			files = (
			);
			runOnlyForDeploymentPostprocessing = 0;
		};
		7A0A2C802A9B213800F49749 /* Resources */ = {
			isa = PBXResourcesBuildPhase;
			buildActionMask = 2147483647;
			files = (
			);
			runOnlyForDeploymentPostprocessing = 0;
		};
/* End PBXResourcesBuildPhase section */

/* Begin PBXSourcesBuildPhase section */
		7A0A2C642A9B213500F49749 /* Sources */ = {
			isa = PBXSourcesBuildPhase;
			buildActionMask = 2147483647;
			files = (
				7A0A2C6E2A9B213500F49749 /* ContentView.swift in Sources */,
				7A0A2C6C2A9B213500F49749 /* MenuItemsApp.swift in Sources */,
			);
			runOnlyForDeploymentPostprocessing = 0;
		};
		7A0A2C742A9B213800F49749 /* Sources */ = {
			isa = PBXSourcesBuildPhase;
			buildActionMask = 2147483647;
			files = (
				7A0A2C7D2A9B213800F49749 /* MenuItemsTests.swift in Sources */,
			);
			runOnlyForDeploymentPostprocessing = 0;
		};
		7A0A2C7E2A9B213800F49749 /* Sources */ = {
			isa = PBXSourcesBuildPhase;
			buildActionMask = 2147483647;
			files = (
				7A0A2C892A9B213800F49749 /* MenuItemsUITestsLaunchTests.swift in Sources */,
				7A0A2C872A9B213800F49749 /* MenuItemsUITests.swift in Sources */,
			);
			runOnlyForDeploymentPostprocessing = 0;
		};
/* End PBXSourcesBuildPhase section */

/* Begin PBXTargetDependency section */
		7A0A2C7A2A9B213800F49749 /* PBXTargetDependency */ = {
			isa = PBXTargetDependency;
			target = 7A0A2C672A9B213500F49749 /* MenuItems */;
			targetProxy = 7A0A2C792A9B213800F49749 /* PBXContainerItemProxy */;
		};
		7A0A2C842A9B213800F49749 /* PBXTargetDependency */ = {
			isa = PBXTargetDependency;
			target = 7A0A2C672A9B213500F49749 /* MenuItems */;
			targetProxy = 7A0A2C832A9B213800F49749 /* PBXContainerItemProxy */;
		};
/* End PBXTargetDependency section */

/* Begin XCBuildConfiguration section */
		7A0A2C8A2A9B213800F49749 /* Debug */ = {
			isa = XCBuildConfiguration;
			buildSettings = {
				ALWAYS_SEARCH_USER_PATHS = NO;
				CLANG_ANALYZER_NONNULL = YES;
				CLANG_ANALYZER_NUMBER_OBJECT_CONVERSION = YES_AGGRESSIVE;
				CLANG_CXX_LANGUAGE_STANDARD = "gnu++20";
				CLANG_ENABLE_MODULES = YES;
				CLANG_ENABLE_OBJC_ARC = YES;
				CLANG_ENABLE_OBJC_WEAK = YES;
				CLANG_WARN_BLOCK_CAPTURE_AUTORELEASING = YES;
				CLANG_WARN_BOOL_CONVERSION = YES;
				CLANG_WARN_COMMA = YES;
				CLANG_WARN_CONSTANT_CONVERSION = YES;
				CLANG_WARN_DEPRECATED_OBJC_IMPLEMENTATIONS = YES;
				CLANG_WARN_DIRECT_OBJC_ISA_USAGE = YES_ERROR;
				CLANG_WARN_DOCUMENTATION_COMMENTS = YES;
				CLANG_WARN_EMPTY_BODY = YES;
				CLANG_WARN_ENUM_CONVERSION = YES;
				CLANG_WARN_INFINITE_RECURSION = YES;
				CLANG_WARN_INT_CONVERSION = YES;
				CLANG_WARN_NON_LITERAL_NULL_CONVERSION = YES;
				CLANG_WARN_OBJC_IMPLICIT_RETAIN_SELF = YES;
				CLANG_WARN_OBJC_LITERAL_CONVERSION = YES;
				CLANG_WARN_OBJC_ROOT_CLASS = YES_ERROR;
				CLANG_WARN_QUOTED_INCLUDE_IN_FRAMEWORK_HEADER = YES;
				CLANG_WARN_RANGE_LOOP_ANALYSIS = YES;
				CLANG_WARN_STRICT_PROTOTYPES = YES;
				CLANG_WARN_SUSPICIOUS_MOVE = YES;
				CLANG_WARN_UNGUARDED_AVAILABILITY = YES_AGGRESSIVE;
				CLANG_WARN_UNREACHABLE_CODE = YES;
				CLANG_WARN__DUPLICATE_METHOD_MATCH = YES;
				COPY_PHASE_STRIP = NO;
				DEBUG_INFORMATION_FORMAT = dwarf;
				ENABLE_STRICT_OBJC_MSGSEND = YES;
				ENABLE_TESTABILITY = YES;
				GCC_C_LANGUAGE_STANDARD = gnu11;
				GCC_DYNAMIC_NO_PIC = NO;
				GCC_NO_COMMON_BLOCKS = YES;
				GCC_OPTIMIZATION_LEVEL = 0;
				GCC_PREPROCESSOR_DEFINITIONS = (
					"DEBUG=1",
					"$(inherited)",
				);
				GCC_WARN_64_TO_32_BIT_CONVERSION = YES;
				GCC_WARN_ABOUT_RETURN_TYPE = YES_ERROR;
				GCC_WARN_UNDECLARED_SELECTOR = YES;
				GCC_WARN_UNINITIALIZED_AUTOS = YES_AGGRESSIVE;
				GCC_WARN_UNUSED_FUNCTION = YES;
				GCC_WARN_UNUSED_VARIABLE = YES;
				IPHONEOS_DEPLOYMENT_TARGET = 16.4;
				MTL_ENABLE_DEBUG_INFO = INCLUDE_SOURCE;
				MTL_FAST_MATH = YES;
				ONLY_ACTIVE_ARCH = YES;
				SDKROOT = iphoneos;
				SWIFT_ACTIVE_COMPILATION_CONDITIONS = DEBUG;
				SWIFT_OPTIMIZATION_LEVEL = "-Onone";
			};
			name = Debug;
		};
		7A0A2C8B2A9B213800F49749 /* Release */ = {
			isa = XCBuildConfiguration;
			buildSettings = {
				ALWAYS_SEARCH_USER_PATHS = NO;
				CLANG_ANALYZER_NONNULL = YES;
				CLANG_ANALYZER_NUMBER_OBJECT_CONVERSION = YES_AGGRESSIVE;
				CLANG_CXX_LANGUAGE_STANDARD = "gnu++20";
				CLANG_ENABLE_MODULES = YES;
				CLANG_ENABLE_OBJC_ARC = YES;
				CLANG_ENABLE_OBJC_WEAK = YES;
				CLANG_WARN_BLOCK_CAPTURE_AUTORELEASING = YES;
				CLANG_WARN_BOOL_CONVERSION = YES;
				CLANG_WARN_COMMA = YES;
				CLANG_WARN_CONSTANT_CONVERSION = YES;
				CLANG_WARN_DEPRECATED_OBJC_IMPLEMENTATIONS = YES;
				CLANG_WARN_DIRECT_OBJC_ISA_USAGE = YES_ERROR;
				CLANG_WARN_DOCUMENTATION_COMMENTS = YES;
				CLANG_WARN_EMPTY_BODY = YES;
				CLANG_WARN_ENUM_CONVERSION = YES;
				CLANG_WARN_INFINITE_RECURSION = YES;
				CLANG_WARN_INT_CONVERSION = YES;
				CLANG_WARN_NON_LITERAL_NULL_CONVERSION = YES;
				CLANG_WARN_OBJC_IMPLICIT_RETAIN_SELF = YES;
				CLANG_WARN_OBJC_LITERAL_CONVERSION = YES;
				CLANG_WARN_OBJC_ROOT_CLASS = YES_ERROR;
				CLANG_WARN_QUOTED_INCLUDE_IN_FRAMEWORK_HEADER = YES;
				CLANG_WARN_RANGE_LOOP_ANALYSIS = YES;
				CLANG_WARN_STRICT_PROTOTYPES = YES;
				CLANG_WARN_SUSPICIOUS_MOVE = YES;
				CLANG_WARN_UNGUARDED_AVAILABILITY = YES_AGGRESSIVE;
				CLANG_WARN_UNREACHABLE_CODE = YES;
				CLANG_WARN__DUPLICATE_METHOD_MATCH = YES;
				COPY_PHASE_STRIP = NO;
				DEBUG_INFORMATION_FORMAT = "dwarf-with-dsym";
				ENABLE_NS_ASSERTIONS = NO;
				ENABLE_STRICT_OBJC_MSGSEND = YES;
				GCC_C_LANGUAGE_STANDARD = gnu11;
				GCC_NO_COMMON_BLOCKS = YES;
				GCC_WARN_64_TO_32_BIT_CONVERSION = YES;
				GCC_WARN_ABOUT_RETURN_TYPE = YES_ERROR;
				GCC_WARN_UNDECLARED_SELECTOR = YES;
				GCC_WARN_UNINITIALIZED_AUTOS = YES_AGGRESSIVE;
				GCC_WARN_UNUSED_FUNCTION = YES;
				GCC_WARN_UNUSED_VARIABLE = YES;
				IPHONEOS_DEPLOYMENT_TARGET = 16.4;
				MTL_ENABLE_DEBUG_INFO = NO;
				MTL_FAST_MATH = YES;
				SDKROOT = iphoneos;
				SWIFT_COMPILATION_MODE = wholemodule;
				SWIFT_OPTIMIZATION_LEVEL = "-O";
				VALIDATE_PRODUCT = YES;
			};
			name = Release;
		};
		7A0A2C8D2A9B213800F49749 /* Debug */ = {
			isa = XCBuildConfiguration;
			buildSettings = {
				ASSETCATALOG_COMPILER_APPICON_NAME = AppIcon;
				ASSETCATALOG_COMPILER_GLOBAL_ACCENT_COLOR_NAME = AccentColor;
				CODE_SIGN_STYLE = Automatic;
				CURRENT_PROJECT_VERSION = 1;
				DEVELOPMENT_ASSET_PATHS = "\"MenuItems/Preview Content\"";
				DEVELOPMENT_TEAM = V3GFNATBC5;
				ENABLE_PREVIEWS = YES;
				GENERATE_INFOPLIST_FILE = YES;
				INFOPLIST_KEY_UIApplicationSceneManifest_Generation = YES;
				INFOPLIST_KEY_UIApplicationSupportsIndirectInputEvents = YES;
				INFOPLIST_KEY_UILaunchScreen_Generation = YES;
				INFOPLIST_KEY_UISupportedInterfaceOrientations_iPad = "UIInterfaceOrientationPortrait UIInterfaceOrientationPortraitUpsideDown UIInterfaceOrientationLandscapeLeft UIInterfaceOrientationLandscapeRight";
				INFOPLIST_KEY_UISupportedInterfaceOrientations_iPhone = "UIInterfaceOrientationPortrait UIInterfaceOrientationLandscapeLeft UIInterfaceOrientationLandscapeRight";
				LD_RUNPATH_SEARCH_PATHS = (
					"$(inherited)",
					"@executable_path/Frameworks",
				);
				MARKETING_VERSION = 1.0;
				PRODUCT_BUNDLE_IDENTIFIER = com.redravencomputing.MenuItems;
				PRODUCT_NAME = "$(TARGET_NAME)";
				SWIFT_EMIT_LOC_STRINGS = YES;
				SWIFT_VERSION = 5.0;
				TARGETED_DEVICE_FAMILY = "1,2";
			};
			name = Debug;
		};
		7A0A2C8E2A9B213800F49749 /* Release */ = {
			isa = XCBuildConfiguration;
			buildSettings = {
				ASSETCATALOG_COMPILER_APPICON_NAME = AppIcon;
				ASSETCATALOG_COMPILER_GLOBAL_ACCENT_COLOR_NAME = AccentColor;
				CODE_SIGN_STYLE = Automatic;
				CURRENT_PROJECT_VERSION = 1;
				DEVELOPMENT_ASSET_PATHS = "\"MenuItems/Preview Content\"";
				DEVELOPMENT_TEAM = V3GFNATBC5;
				ENABLE_PREVIEWS = YES;
				GENERATE_INFOPLIST_FILE = YES;
				INFOPLIST_KEY_UIApplicationSceneManifest_Generation = YES;
				INFOPLIST_KEY_UIApplicationSupportsIndirectInputEvents = YES;
				INFOPLIST_KEY_UILaunchScreen_Generation = YES;
				INFOPLIST_KEY_UISupportedInterfaceOrientations_iPad = "UIInterfaceOrientationPortrait UIInterfaceOrientationPortraitUpsideDown UIInterfaceOrientationLandscapeLeft UIInterfaceOrientationLandscapeRight";
				INFOPLIST_KEY_UISupportedInterfaceOrientations_iPhone = "UIInterfaceOrientationPortrait UIInterfaceOrientationLandscapeLeft UIInterfaceOrientationLandscapeRight";
				LD_RUNPATH_SEARCH_PATHS = (
					"$(inherited)",
					"@executable_path/Frameworks",
				);
				MARKETING_VERSION = 1.0;
				PRODUCT_BUNDLE_IDENTIFIER = com.redravencomputing.MenuItems;
				PRODUCT_NAME = "$(TARGET_NAME)";
				SWIFT_EMIT_LOC_STRINGS = YES;
				SWIFT_VERSION = 5.0;
				TARGETED_DEVICE_FAMILY = "1,2";
			};
			name = Release;
		};
		7A0A2C902A9B213800F49749 /* Debug */ = {
			isa = XCBuildConfiguration;
			buildSettings = {
				ALWAYS_EMBED_SWIFT_STANDARD_LIBRARIES = YES;
				BUNDLE_LOADER = "$(TEST_HOST)";
				CODE_SIGN_STYLE = Automatic;
				CURRENT_PROJECT_VERSION = 1;
				DEVELOPMENT_TEAM = V3GFNATBC5;
				GENERATE_INFOPLIST_FILE = YES;
				IPHONEOS_DEPLOYMENT_TARGET = 16.4;
				MARKETING_VERSION = 1.0;
				PRODUCT_BUNDLE_IDENTIFIER = com.redravencomputing.MenuItemsTests;
				PRODUCT_NAME = "$(TARGET_NAME)";
				SWIFT_EMIT_LOC_STRINGS = NO;
				SWIFT_VERSION = 5.0;
				TARGETED_DEVICE_FAMILY = "1,2";
				TEST_HOST = "$(BUILT_PRODUCTS_DIR)/MenuItems.app/$(BUNDLE_EXECUTABLE_FOLDER_PATH)/MenuItems";
			};
			name = Debug;
		};
		7A0A2C912A9B213800F49749 /* Release */ = {
			isa = XCBuildConfiguration;
			buildSettings = {
				ALWAYS_EMBED_SWIFT_STANDARD_LIBRARIES = YES;
				BUNDLE_LOADER = "$(TEST_HOST)";
				CODE_SIGN_STYLE = Automatic;
				CURRENT_PROJECT_VERSION = 1;
				DEVELOPMENT_TEAM = V3GFNATBC5;
				GENERATE_INFOPLIST_FILE = YES;
				IPHONEOS_DEPLOYMENT_TARGET = 16.4;
				MARKETING_VERSION = 1.0;
				PRODUCT_BUNDLE_IDENTIFIER = com.redravencomputing.MenuItemsTests;
				PRODUCT_NAME = "$(TARGET_NAME)";
				SWIFT_EMIT_LOC_STRINGS = NO;
				SWIFT_VERSION = 5.0;
				TARGETED_DEVICE_FAMILY = "1,2";
				TEST_HOST = "$(BUILT_PRODUCTS_DIR)/MenuItems.app/$(BUNDLE_EXECUTABLE_FOLDER_PATH)/MenuItems";
			};
			name = Release;
		};
		7A0A2C932A9B213800F49749 /* Debug */ = {
			isa = XCBuildConfiguration;
			buildSettings = {
				ALWAYS_EMBED_SWIFT_STANDARD_LIBRARIES = YES;
				CODE_SIGN_STYLE = Automatic;
				CURRENT_PROJECT_VERSION = 1;
				DEVELOPMENT_TEAM = V3GFNATBC5;
				GENERATE_INFOPLIST_FILE = YES;
				MARKETING_VERSION = 1.0;
				PRODUCT_BUNDLE_IDENTIFIER = com.redravencomputing.MenuItemsUITests;
				PRODUCT_NAME = "$(TARGET_NAME)";
				SWIFT_EMIT_LOC_STRINGS = NO;
				SWIFT_VERSION = 5.0;
				TARGETED_DEVICE_FAMILY = "1,2";
				TEST_TARGET_NAME = MenuItems;
			};
			name = Debug;
		};
		7A0A2C942A9B213800F49749 /* Release */ = {
			isa = XCBuildConfiguration;
			buildSettings = {
				ALWAYS_EMBED_SWIFT_STANDARD_LIBRARIES = YES;
				CODE_SIGN_STYLE = Automatic;
				CURRENT_PROJECT_VERSION = 1;
				DEVELOPMENT_TEAM = V3GFNATBC5;
				GENERATE_INFOPLIST_FILE = YES;
				MARKETING_VERSION = 1.0;
				PRODUCT_BUNDLE_IDENTIFIER = com.redravencomputing.MenuItemsUITests;
				PRODUCT_NAME = "$(TARGET_NAME)";
				SWIFT_EMIT_LOC_STRINGS = NO;
				SWIFT_VERSION = 5.0;
				TARGETED_DEVICE_FAMILY = "1,2";
				TEST_TARGET_NAME = MenuItems;
			};
			name = Release;
		};
/* End XCBuildConfiguration section */

/* Begin XCConfigurationList section */
		7A0A2C632A9B213500F49749 /* Build configuration list for PBXProject "MenuItems" */ = {
			isa = XCConfigurationList;
			buildConfigurations = (
				7A0A2C8A2A9B213800F49749 /* Debug */,
				7A0A2C8B2A9B213800F49749 /* Release */,
			);
			defaultConfigurationIsVisible = 0;
			defaultConfigurationName = Release;
		};
		7A0A2C8C2A9B213800F49749 /* Build configuration list for PBXNativeTarget "MenuItems" */ = {
			isa = XCConfigurationList;
			buildConfigurations = (
				7A0A2C8D2A9B213800F49749 /* Debug */,
				7A0A2C8E2A9B213800F49749 /* Release */,
			);
			defaultConfigurationIsVisible = 0;
			defaultConfigurationName = Release;
		};
		7A0A2C8F2A9B213800F49749 /* Build configuration list for PBXNativeTarget "MenuItemsTests" */ = {
			isa = XCConfigurationList;
			buildConfigurations = (
				7A0A2C902A9B213800F49749 /* Debug */,
				7A0A2C912A9B213800F49749 /* Release */,
			);
			defaultConfigurationIsVisible = 0;
			defaultConfigurationName = Release;
		};
		7A0A2C922A9B213800F49749 /* Build configuration list for PBXNativeTarget "MenuItemsUITests" */ = {
			isa = XCConfigurationList;
			buildConfigurations = (
				7A0A2C932A9B213800F49749 /* Debug */,
				7A0A2C942A9B213800F49749 /* Release */,
			);
			defaultConfigurationIsVisible = 0;
			defaultConfigurationName = Release;
		};
/* End XCConfigurationList section */
	};
	rootObject = 7A0A2C602A9B213500F49749 /* Project object */;
}
